
Microsoft Visual Studio Solution File, Format Version 12.00
# Visual Studio Version 16
VisualStudioVersion = 16.0.31129.286
MinimumVisualStudioVersion = 10.0.40219.1
Project("{FAE04EC0-301F-11D3-BF4B-00C04F79EFBC}") = "FashionWeek", "FashionWeek\FashionWeek.csproj", "{CDD4DC37-7952-4E62-B41C-C1123D6BA75E}"
EndProject
Global
	GlobalSection(SolutionConfigurationPlatforms) = preSolution
		Debug|Any CPU = Debug|Any CPU
		Release|Any CPU = Release|Any CPU
	EndGlobalSection
	GlobalSection(ProjectConfigurationPlatforms) = postSolution
		{CDD4DC37-7952-4E62-B41C-C1123D6BA75E}.Debug|Any CPU.ActiveCfg = Debug|Any CPU
		{CDD4DC37-7952-4E62-B41C-C1123D6BA75E}.Debug|Any CPU.Build.0 = Debug|Any CPU
		{CDD4DC37-7952-4E62-B41C-C1123D6BA75E}.Release|Any CPU.ActiveCfg = Release|Any CPU
		{CDD4DC37-7952-4E62-B41C-C1123D6BA75E}.Release|Any CPU.Build.0 = Release|Any CPU
	EndGlobalSection
	GlobalSection(SolutionProperties) = preSolution
		HideSolutionNode = FALSE
	EndGlobalSection
	GlobalSection(ExtensibilityGlobals) = postSolution
		SolutionGuid = {F4F09FBC-F3B2-4738-837B-752254AD3518}
	EndGlobalSection
EndGlobal
