
Microsoft Visual Studio Solution File, Format Version 12.00
# Visual Studio Version 17
VisualStudioVersion = 17.2.32505.173
MinimumVisualStudioVersion = 10.0.40219.1
Project("{9A19103F-16F7-4668-BE54-9A1E7A4F7556}") = "WebAPI", "WebApplication2\WebAPI.csproj", "{B48DA26E-A9EF-413B-9B72-1CD01C72450D}"
EndProject
Project("{FAE04EC0-301F-11D3-BF4B-00C04F79EFBC}") = "FashionWeekLibrary", "FashionWeekLibrary\FashionWeekLibrary.csproj", "{2CE222B8-9829-4C3B-9B1F-60BE98D9592C}"
EndProject
Global
	GlobalSection(SolutionConfigurationPlatforms) = preSolution
		Debug|Any CPU = Debug|Any CPU
		Release|Any CPU = Release|Any CPU
	EndGlobalSection
	GlobalSection(ProjectConfigurationPlatforms) = postSolution
		{B48DA26E-A9EF-413B-9B72-1CD01C72450D}.Debug|Any CPU.ActiveCfg = Debug|Any CPU
		{B48DA26E-A9EF-413B-9B72-1CD01C72450D}.Debug|Any CPU.Build.0 = Debug|Any CPU
		{B48DA26E-A9EF-413B-9B72-1CD01C72450D}.Release|Any CPU.ActiveCfg = Release|Any CPU
		{B48DA26E-A9EF-413B-9B72-1CD01C72450D}.Release|Any CPU.Build.0 = Release|Any CPU
		{2CE222B8-9829-4C3B-9B1F-60BE98D9592C}.Debug|Any CPU.ActiveCfg = Debug|Any CPU
		{2CE222B8-9829-4C3B-9B1F-60BE98D9592C}.Debug|Any CPU.Build.0 = Debug|Any CPU
		{2CE222B8-9829-4C3B-9B1F-60BE98D9592C}.Release|Any CPU.ActiveCfg = Release|Any CPU
		{2CE222B8-9829-4C3B-9B1F-60BE98D9592C}.Release|Any CPU.Build.0 = Release|Any CPU
	EndGlobalSection
	GlobalSection(SolutionProperties) = preSolution
		HideSolutionNode = FALSE
	EndGlobalSection
	GlobalSection(ExtensibilityGlobals) = postSolution
		SolutionGuid = {FA1FDF2F-4D3E-49B5-8D67-F22187B69103}
	EndGlobalSection
EndGlobal
